schema: '2.0'
stages:
  preprocess:
    cmd: python src/preprocess.py
    deps:
    - path: data/data.csv
      hash: md5
      md5: 25022765c0e998614ebab54c12903644
      size: 943524
    - path: src/preprocess.py
      hash: md5
      md5: ff8a532014693c9c99ef41bc49bbc7b8
      size: 707
    outs:
    - path: data/preprocessed.csv
      hash: md5
      md5: e58a34697166b8f7206c6527bc6be5a3
      size: 856345
  train:
    cmd: python src/train.py
    deps:
    - path: data/preprocessed.csv
      hash: md5
      md5: e58a34697166b8f7206c6527bc6be5a3
      size: 856345
    - path: src/train.py
      hash: md5
      md5: b4ff49fd33c9579659334a50f50fc537
      size: 2721
